github.com/dNaszta/go_cookbook/Ch01-io-interfaces/L02-bytestrings/bytestrings v0.0.0-20201112185731-ec88f73d591a h1:DjI18XgbIx7631MjTecVhK9i9LzVU4/0CZtzOjxb9xk=
github.com/dNaszta/go_cookbook/Ch01-io-interfaces/L02-bytestrings/bytestrings v0.0.0-20201112185731-ec88f73d591a/go.mod h1:5LtpKOvzqJ3kyRLE1hn8xxX67ZA9RBJAQRHV2PMAAKQ=
