github.com/dNaszta/go_cookbook/Ch01-io-interfaces/L03-filedirs/filedirs v0.0.0-20201114214008-c38150b7d7e0 h1:BKVYavZqMBlfBcyPriyZpjAxsbZLjOD5SSGjxZE97nQ=
github.com/dNaszta/go_cookbook/Ch01-io-interfaces/L03-filedirs/filedirs v0.0.0-20201114214008-c38150b7d7e0/go.mod h1:g8jW50FPp6aK/D4F98gEruW3SdFISRuecqS4MD8im20=
