github.com/dNaszta/go_cookbook/Ch01-io-interfaces/L05-tempfiles/tempfiles v0.0.0-20201116175455-a8768fe2d764 h1:Vs1Y5/z0sNYg8LDvEbBrTRrslVKUn80zC0Tg4ESqYOs=
github.com/dNaszta/go_cookbook/Ch01-io-interfaces/L05-tempfiles/tempfiles v0.0.0-20201116175455-a8768fe2d764/go.mod h1:VsoK5O8GjJMseSas8N7YxJ36uZqq81EDoYZeMFv0HIs=
