github.com/dNaszta/go_cookbook/Ch01-io-interfaces/L01-interfaces/interfaces v0.0.0-20201104103115-c72209257e5d h1:6jkOsQpcun6A0IdyxywxThKazm0vt/48lz+KjgzRkkg=
github.com/dNaszta/go_cookbook/Ch01-io-interfaces/L01-interfaces/interfaces v0.0.0-20201104103115-c72209257e5d/go.mod h1:uxawTxU3D3ExG6CmXkStU+CeLawpOlUfUcTCZ9KUMBA=
