github.com/dNaszta/go_cookbook/Ch01-io-interfaces/L06-templates/templates v0.0.0-20201129124421-128ff7129eda h1:8t2FTZ+dA/ydovYnGKVUr6gRoSBH56woJHn8EvpRLOA=
github.com/dNaszta/go_cookbook/Ch01-io-interfaces/L06-templates/templates v0.0.0-20201129124421-128ff7129eda/go.mod h1:aK3weZuRS3lW7KrtZ6H4KlRyCSX2pUY5PZEWdmoZWMg=
